// !$*UTF8*$!
{
	archiveVersion = 1;
	classes = {
	};
	objectVersion = 48;
	objects = {

/* Begin PBXBuildFile section */
		720718DA203CA45F0004871E /* AppDelegate.swift in Sources */ = {isa = PBXBuildFile; fileRef = 720718D9203CA45F0004871E /* AppDelegate.swift */; };
		720718DC203CA45F0004871E /* ViewController.swift in Sources */ = {isa = PBXBuildFile; fileRef = 720718DB203CA45F0004871E /* ViewController.swift */; };
		720718DF203CA45F0004871E /* Main.storyboard in Resources */ = {isa = PBXBuildFile; fileRef = 720718DD203CA45F0004871E /* Main.storyboard */; };
		720718E2203CA45F0004871E /* calendar.xcdatamodeld in Sources */ = {isa = PBXBuildFile; fileRef = 720718E0203CA45F0004871E /* calendar.xcdatamodeld */; };
		720718E4203CA45F0004871E /* Assets.xcassets in Resources */ = {isa = PBXBuildFile; fileRef = 720718E3203CA45F0004871E /* Assets.xcassets */; };
		720718E7203CA45F0004871E /* LaunchScreen.storyboard in Resources */ = {isa = PBXBuildFile; fileRef = 720718E5203CA45F0004871E /* LaunchScreen.storyboard */; };
		720718F2203CA45F0004871E /* calendarTests.swift in Sources */ = {isa = PBXBuildFile; fileRef = 720718F1203CA45F0004871E /* calendarTests.swift */; };
		720718FD203CA4600004871E /* calendarUITests.swift in Sources */ = {isa = PBXBuildFile; fileRef = 720718FC203CA4600004871E /* calendarUITests.swift */; };
/* End PBXBuildFile section */

/* Begin PBXContainerItemProxy section */
		720718EE203CA45F0004871E /* PBXContainerItemProxy */ = {
			isa = PBXContainerItemProxy;
			containerPortal = 720718CE203CA45F0004871E /* Project object */;
			proxyType = 1;
			remoteGlobalIDString = 720718D5203CA45F0004871E;
			remoteInfo = calendar;
		};
		720718F9203CA4600004871E /* PBXContainerItemProxy */ = {
			isa = PBXContainerItemProxy;
			containerPortal = 720718CE203CA45F0004871E /* Project object */;
			proxyType = 1;
			remoteGlobalIDString = 720718D5203CA45F0004871E;
			remoteInfo = calendar;
		};
/* End PBXContainerItemProxy section */

/* Begin PBXFileReference section */
		720718D6203CA45F0004871E /* calendar.app */ = {isa = PBXFileReference; explicitFileType = wrapper.application; includeInIndex = 0; path = calendar.app; sourceTree = BUILT_PRODUCTS_DIR; };
		720718D9203CA45F0004871E /* AppDelegate.swift */ = {isa = PBXFileReference; lastKnownFileType = sourcecode.swift; path = AppDelegate.swift; sourceTree = "<group>"; };
		720718DB203CA45F0004871E /* ViewController.swift */ = {isa = PBXFileReference; lastKnownFileType = sourcecode.swift; path = ViewController.swift; sourceTree = "<group>"; };
		720718DE203CA45F0004871E /* Base */ = {isa = PBXFileReference; lastKnownFileType = file.storyboard; name = Base; path = Base.lproj/Main.storyboard; sourceTree = "<group>"; };
		720718E1203CA45F0004871E /* calendar.xcdatamodel */ = {isa = PBXFileReference; lastKnownFileType = wrapper.xcdatamodel; path = calendar.xcdatamodel; sourceTree = "<group>"; };
		720718E3203CA45F0004871E /* Assets.xcassets */ = {isa = PBXFileReference; lastKnownFileType = folder.assetcatalog; path = Assets.xcassets; sourceTree = "<group>"; };
		720718E6203CA45F0004871E /* Base */ = {isa = PBXFileReference; lastKnownFileType = file.storyboard; name = Base; path = Base.lproj/LaunchScreen.storyboard; sourceTree = "<group>"; };
		720718E8203CA45F0004871E /* Info.plist */ = {isa = PBXFileReference; lastKnownFileType = text.plist.xml; path = Info.plist; sourceTree = "<group>"; };
		720718ED203CA45F0004871E /* calendarTests.xctest */ = {isa = PBXFileReference; explicitFileType = wrapper.cfbundle; includeInIndex = 0; path = calendarTests.xctest; sourceTree = BUILT_PRODUCTS_DIR; };
		720718F1203CA45F0004871E /* calendarTests.swift */ = {isa = PBXFileReference; lastKnownFileType = sourcecode.swift; path = calendarTests.swift; sourceTree = "<group>"; };
		720718F3203CA4600004871E /* Info.plist */ = {isa = PBXFileReference; lastKnownFileType = text.plist.xml; path = Info.plist; sourceTree = "<group>"; };
		720718F8203CA4600004871E /* calendarUITests.xctest */ = {isa = PBXFileReference; explicitFileType = wrapper.cfbundle; includeInIndex = 0; path = calendarUITests.xctest; sourceTree = BUILT_PRODUCTS_DIR; };
		720718FC203CA4600004871E /* calendarUITests.swift */ = {isa = PBXFileReference; lastKnownFileType = sourcecode.swift; path = calendarUITests.swift; sourceTree = "<group>"; };
		720718FE203CA4600004871E /* Info.plist */ = {isa = PBXFileReference; lastKnownFileType = text.plist.xml; path = Info.plist; sourceTree = "<group>"; };
/* End PBXFileReference section */

/* Begin PBXFrameworksBuildPhase section */
		720718D3203CA45F0004871E /* Frameworks */ = {
			isa = PBXFrameworksBuildPhase;
			buildActionMask = 2147483647;
			files = (
			);
			runOnlyForDeploymentPostprocessing = 0;
		};
		720718EA203CA45F0004871E /* Frameworks */ = {
			isa = PBXFrameworksBuildPhase;
			buildActionMask = 2147483647;
			files = (
			);
			runOnlyForDeploymentPostprocessing = 0;
		};
		720718F5203CA4600004871E /* Frameworks */ = {
			isa = PBXFrameworksBuildPhase;
			buildActionMask = 2147483647;
			files = (
			);
			runOnlyForDeploymentPostprocessing = 0;
		};
/* End PBXFrameworksBuildPhase section */

/* Begin PBXGroup section */
		720718CD203CA45F0004871E = {
			isa = PBXGroup;
			children = (
				720718D8203CA45F0004871E /* calendar */,
				720718F0203CA45F0004871E /* calendarTests */,
				720718FB203CA4600004871E /* calendarUITests */,
				720718D7203CA45F0004871E /* Products */,
			);
			sourceTree = "<group>";
		};
		720718D7203CA45F0004871E /* Products */ = {
			isa = PBXGroup;
			children = (
				720718D6203CA45F0004871E /* calendar.app */,
				720718ED203CA45F0004871E /* calendarTests.xctest */,
				720718F8203CA4600004871E /* calendarUITests.xctest */,
			);
			name = Products;
			sourceTree = "<group>";
		};
		720718D8203CA45F0004871E /* calendar */ = {
			isa = PBXGroup;
			children = (
				720718D9203CA45F0004871E /* AppDelegate.swift */,
				720718DB203CA45F0004871E /* ViewController.swift */,
				720718DD203CA45F0004871E /* Main.storyboard */,
				720718E3203CA45F0004871E /* Assets.xcassets */,
				720718E5203CA45F0004871E /* LaunchScreen.storyboard */,
				720718E8203CA45F0004871E /* Info.plist */,
				720718E0203CA45F0004871E /* calendar.xcdatamodeld */,
			);
			path = calendar;
			sourceTree = "<group>";
		};
		720718F0203CA45F0004871E /* calendarTests */ = {
			isa = PBXGroup;
			children = (
				720718F1203CA45F0004871E /* calendarTests.swift */,
				720718F3203CA4600004871E /* Info.plist */,
			);
			path = calendarTests;
			sourceTree = "<group>";
		};
		720718FB203CA4600004871E /* calendarUITests */ = {
			isa = PBXGroup;
			children = (
				720718FC203CA4600004871E /* calendarUITests.swift */,
				720718FE203CA4600004871E /* Info.plist */,
			);
			path = calendarUITests;
			sourceTree = "<group>";
		};
/* End PBXGroup section */

/* Begin PBXNativeTarget section */
		720718D5203CA45F0004871E /* calendar */ = {
			isa = PBXNativeTarget;
			buildConfigurationList = 72071901203CA4600004871E /* Build configuration list for PBXNativeTarget "calendar" */;
			buildPhases = (
				720718D2203CA45F0004871E /* Sources */,
				720718D3203CA45F0004871E /* Frameworks */,
				720718D4203CA45F0004871E /* Resources */,
			);
			buildRules = (
			);
			dependencies = (
			);
			name = calendar;
			productName = calendar;
			productReference = 720718D6203CA45F0004871E /* calendar.app */;
			productType = "com.apple.product-type.application";
		};
		720718EC203CA45F0004871E /* calendarTests */ = {
			isa = PBXNativeTarget;
			buildConfigurationList = 72071904203CA4600004871E /* Build configuration list for PBXNativeTarget "calendarTests" */;
			buildPhases = (
				720718E9203CA45F0004871E /* Sources */,
				720718EA203CA45F0004871E /* Frameworks */,
				720718EB203CA45F0004871E /* Resources */,
			);
			buildRules = (
			);
			dependencies = (
				720718EF203CA45F0004871E /* PBXTargetDependency */,
			);
			name = calendarTests;
			productName = calendarTests;
			productReference = 720718ED203CA45F0004871E /* calendarTests.xctest */;
			productType = "com.apple.product-type.bundle.unit-test";
		};
		720718F7203CA4600004871E /* calendarUITests */ = {
			isa = PBXNativeTarget;
			buildConfigurationList = 72071907203CA4600004871E /* Build configuration list for PBXNativeTarget "calendarUITests" */;
			buildPhases = (
				720718F4203CA4600004871E /* Sources */,
				720718F5203CA4600004871E /* Frameworks */,
				720718F6203CA4600004871E /* Resources */,
			);
			buildRules = (
			);
			dependencies = (
				720718FA203CA4600004871E /* PBXTargetDependency */,
			);
			name = calendarUITests;
			productName = calendarUITests;
			productReference = 720718F8203CA4600004871E /* calendarUITests.xctest */;
			productType = "com.apple.product-type.bundle.ui-testing";
		};
/* End PBXNativeTarget section */

/* Begin PBXProject section */
		720718CE203CA45F0004871E /* Project object */ = {
			isa = PBXProject;
			attributes = {
				LastSwiftUpdateCheck = 0920;
				LastUpgradeCheck = 0920;
				ORGANIZATIONNAME = nearsoft;
				TargetAttributes = {
					720718D5203CA45F0004871E = {
						CreatedOnToolsVersion = 9.2;
						ProvisioningStyle = Automatic;
					};
					720718EC203CA45F0004871E = {
						CreatedOnToolsVersion = 9.2;
						ProvisioningStyle = Automatic;
						TestTargetID = 720718D5203CA45F0004871E;
					};
					720718F7203CA4600004871E = {
						CreatedOnToolsVersion = 9.2;
						ProvisioningStyle = Automatic;
						TestTargetID = 720718D5203CA45F0004871E;
					};
				};
			};
			buildConfigurationList = 720718D1203CA45F0004871E /* Build configuration list for PBXProject "calendar" */;
			compatibilityVersion = "Xcode 8.0";
			developmentRegion = en;
			hasScannedForEncodings = 0;
			knownRegions = (
				en,
				Base,
			);
			mainGroup = 720718CD203CA45F0004871E;
			productRefGroup = 720718D7203CA45F0004871E /* Products */;
			projectDirPath = "";
			projectRoot = "";
			targets = (
				720718D5203CA45F0004871E /* calendar */,
				720718EC203CA45F0004871E /* calendarTests */,
				720718F7203CA4600004871E /* calendarUITests */,
			);
		};
/* End PBXProject section */

/* Begin PBXResourcesBuildPhase section */
		720718D4203CA45F0004871E /* Resources */ = {
			isa = PBXResourcesBuildPhase;
			buildActionMask = 2147483647;
			files = (
				720718E7203CA45F0004871E /* LaunchScreen.storyboard in Resources */,
				720718E4203CA45F0004871E /* Assets.xcassets in Resources */,
				720718DF203CA45F0004871E /* Main.storyboard in Resources */,
			);
			runOnlyForDeploymentPostprocessing = 0;
		};
		720718EB203CA45F0004871E /* Resources */ = {
			isa = PBXResourcesBuildPhase;
			buildActionMask = 2147483647;
			files = (
			);
			runOnlyForDeploymentPostprocessing = 0;
		};
		720718F6203CA4600004871E /* Resources */ = {
			isa = PBXResourcesBuildPhase;
			buildActionMask = 2147483647;
			files = (
			);
			runOnlyForDeploymentPostprocessing = 0;
		};
/* End PBXResourcesBuildPhase section */

/* Begin PBXSourcesBuildPhase section */
		720718D2203CA45F0004871E /* Sources */ = {
			isa = PBXSourcesBuildPhase;
			buildActionMask = 2147483647;
			files = (
				720718DC203CA45F0004871E /* ViewController.swift in Sources */,
				720718E2203CA45F0004871E /* calendar.xcdatamodeld in Sources */,
				720718DA203CA45F0004871E /* AppDelegate.swift in Sources */,
			);
			runOnlyForDeploymentPostprocessing = 0;
		};
		720718E9203CA45F0004871E /* Sources */ = {
			isa = PBXSourcesBuildPhase;
			buildActionMask = 2147483647;
			files = (
				720718F2203CA45F0004871E /* calendarTests.swift in Sources */,
			);
			runOnlyForDeploymentPostprocessing = 0;
		};
		720718F4203CA4600004871E /* Sources */ = {
			isa = PBXSourcesBuildPhase;
			buildActionMask = 2147483647;
			files = (
				720718FD203CA4600004871E /* calendarUITests.swift in Sources */,
			);
			runOnlyForDeploymentPostprocessing = 0;
		};
/* End PBXSourcesBuildPhase section */

/* Begin PBXTargetDependency section */
		720718EF203CA45F0004871E /* PBXTargetDependency */ = {
			isa = PBXTargetDependency;
			target = 720718D5203CA45F0004871E /* calendar */;
			targetProxy = 720718EE203CA45F0004871E /* PBXContainerItemProxy */;
		};
		720718FA203CA4600004871E /* PBXTargetDependency */ = {
			isa = PBXTargetDependency;
			target = 720718D5203CA45F0004871E /* calendar */;
			targetProxy = 720718F9203CA4600004871E /* PBXContainerItemProxy */;
		};
/* End PBXTargetDependency section */

/* Begin PBXVariantGroup section */
		720718DD203CA45F0004871E /* Main.storyboard */ = {
			isa = PBXVariantGroup;
			children = (
				720718DE203CA45F0004871E /* Base */,
			);
			name = Main.storyboard;
			sourceTree = "<group>";
		};
		720718E5203CA45F0004871E /* LaunchScreen.storyboard */ = {
			isa = PBXVariantGroup;
			children = (
				720718E6203CA45F0004871E /* Base */,
			);
			name = LaunchScreen.storyboard;
			sourceTree = "<group>";
		};
/* End PBXVariantGroup section */

/* Begin XCBuildConfiguration section */
		720718FF203CA4600004871E /* Debug */ = {
			isa = XCBuildConfiguration;
			buildSettings = {
				ALWAYS_SEARCH_USER_PATHS = NO;
				CLANG_ANALYZER_NONNULL = YES;
				CLANG_ANALYZER_NUMBER_OBJECT_CONVERSION = YES_AGGRESSIVE;
				CLANG_CXX_LANGUAGE_STANDARD = "gnu++14";
				CLANG_CXX_LIBRARY = "libc++";
				CLANG_ENABLE_MODULES = YES;
				CLANG_ENABLE_OBJC_ARC = YES;
				CLANG_WARN_BLOCK_CAPTURE_AUTORELEASING = YES;
				CLANG_WARN_BOOL_CONVERSION = YES;
				CLANG_WARN_COMMA = YES;
				CLANG_WARN_CONSTANT_CONVERSION = YES;
				CLANG_WARN_DIRECT_OBJC_ISA_USAGE = YES_ERROR;
				CLANG_WARN_DOCUMENTATION_COMMENTS = YES;
				CLANG_WARN_EMPTY_BODY = YES;
				CLANG_WARN_ENUM_CONVERSION = YES;
				CLANG_WARN_INFINITE_RECURSION = YES;
				CLANG_WARN_INT_CONVERSION = YES;
				CLANG_WARN_NON_LITERAL_NULL_CONVERSION = YES;
				CLANG_WARN_OBJC_LITERAL_CONVERSION = YES;
				CLANG_WARN_OBJC_ROOT_CLASS = YES_ERROR;
				CLANG_WARN_RANGE_LOOP_ANALYSIS = YES;
				CLANG_WARN_STRICT_PROTOTYPES = YES;
				CLANG_WARN_SUSPICIOUS_MOVE = YES;
				CLANG_WARN_UNGUARDED_AVAILABILITY = YES_AGGRESSIVE;
				CLANG_WARN_UNREACHABLE_CODE = YES;
				CLANG_WARN__DUPLICATE_METHOD_MATCH = YES;
				CODE_SIGN_IDENTITY = "iPhone Developer";
				COPY_PHASE_STRIP = NO;
				DEBUG_INFORMATION_FORMAT = dwarf;
				ENABLE_STRICT_OBJC_MSGSEND = YES;
				ENABLE_TESTABILITY = YES;
				GCC_C_LANGUAGE_STANDARD = gnu11;
				GCC_DYNAMIC_NO_PIC = NO;
				GCC_NO_COMMON_BLOCKS = YES;
				GCC_OPTIMIZATION_LEVEL = 0;
				GCC_PREPROCESSOR_DEFINITIONS = (
					"DEBUG=1",
					"$(inherited)",
				);
				GCC_WARN_64_TO_32_BIT_CONVERSION = YES;
				GCC_WARN_ABOUT_RETURN_TYPE = YES_ERROR;
				GCC_WARN_UNDECLARED_SELECTOR = YES;
				GCC_WARN_UNINITIALIZED_AUTOS = YES_AGGRESSIVE;
				GCC_WARN_UNUSED_FUNCTION = YES;
				GCC_WARN_UNUSED_VARIABLE = YES;
				IPHONEOS_DEPLOYMENT_TARGET = 11.2;
				MTL_ENABLE_DEBUG_INFO = YES;
				ONLY_ACTIVE_ARCH = YES;
				SDKROOT = iphoneos;
				SWIFT_ACTIVE_COMPILATION_CONDITIONS = DEBUG;
				SWIFT_OPTIMIZATION_LEVEL = "-Onone";
			};
			name = Debug;
		};
		72071900203CA4600004871E /* Release */ = {
			isa = XCBuildConfiguration;
			buildSettings = {
				ALWAYS_SEARCH_USER_PATHS = NO;
				CLANG_ANALYZER_NONNULL = YES;
				CLANG_ANALYZER_NUMBER_OBJECT_CONVERSION = YES_AGGRESSIVE;
				CLANG_CXX_LANGUAGE_STANDARD = "gnu++14";
				CLANG_CXX_LIBRARY = "libc++";
				CLANG_ENABLE_MODULES = YES;
				CLANG_ENABLE_OBJC_ARC = YES;
				CLANG_WARN_BLOCK_CAPTURE_AUTORELEASING = YES;
				CLANG_WARN_BOOL_CONVERSION = YES;
				CLANG_WARN_COMMA = YES;
				CLANG_WARN_CONSTANT_CONVERSION = YES;
				CLANG_WARN_DIRECT_OBJC_ISA_USAGE = YES_ERROR;
				CLANG_WARN_DOCUMENTATION_COMMENTS = YES;
				CLANG_WARN_EMPTY_BODY = YES;
				CLANG_WARN_ENUM_CONVERSION = YES;
				CLANG_WARN_INFINITE_RECURSION = YES;
				CLANG_WARN_INT_CONVERSION = YES;
				CLANG_WARN_NON_LITERAL_NULL_CONVERSION = YES;
				CLANG_WARN_OBJC_LITERAL_CONVERSION = YES;
				CLANG_WARN_OBJC_ROOT_CLASS = YES_ERROR;
				CLANG_WARN_RANGE_LOOP_ANALYSIS = YES;
				CLANG_WARN_STRICT_PROTOTYPES = YES;
				CLANG_WARN_SUSPICIOUS_MOVE = YES;
				CLANG_WARN_UNGUARDED_AVAILABILITY = YES_AGGRESSIVE;
				CLANG_WARN_UNREACHABLE_CODE = YES;
				CLANG_WARN__DUPLICATE_METHOD_MATCH = YES;
				CODE_SIGN_IDENTITY = "iPhone Developer";
				COPY_PHASE_STRIP = NO;
				DEBUG_INFORMATION_FORMAT = "dwarf-with-dsym";
				ENABLE_NS_ASSERTIONS = NO;
				ENABLE_STRICT_OBJC_MSGSEND = YES;
				GCC_C_LANGUAGE_STANDARD = gnu11;
				GCC_NO_COMMON_BLOCKS = YES;
				GCC_WARN_64_TO_32_BIT_CONVERSION = YES;
				GCC_WARN_ABOUT_RETURN_TYPE = YES_ERROR;
				GCC_WARN_UNDECLARED_SELECTOR = YES;
				GCC_WARN_UNINITIALIZED_AUTOS = YES_AGGRESSIVE;
				GCC_WARN_UNUSED_FUNCTION = YES;
				GCC_WARN_UNUSED_VARIABLE = YES;
				IPHONEOS_DEPLOYMENT_TARGET = 11.2;
				MTL_ENABLE_DEBUG_INFO = NO;
				SDKROOT = iphoneos;
				SWIFT_OPTIMIZATION_LEVEL = "-Owholemodule";
				VALIDATE_PRODUCT = YES;
			};
			name = Release;
		};
		72071902203CA4600004871E /* Debug */ = {
			isa = XCBuildConfiguration;
			buildSettings = {
				ASSETCATALOG_COMPILER_APPICON_NAME = AppIcon;
				CODE_SIGN_STYLE = Automatic;
				INFOPLIST_FILE = calendar/Info.plist;
				LD_RUNPATH_SEARCH_PATHS = "$(inherited) @executable_path/Frameworks";
				PRODUCT_BUNDLE_IDENTIFIER = com.nearsoft.calendar;
				PRODUCT_NAME = "$(TARGET_NAME)";
				SWIFT_VERSION = 4.0;
				TARGETED_DEVICE_FAMILY = "1,2";
			};
			name = Debug;
		};
		72071903203CA4600004871E /* Release */ = {
			isa = XCBuildConfiguration;
			buildSettings = {
				ASSETCATALOG_COMPILER_APPICON_NAME = AppIcon;
				CODE_SIGN_STYLE = Automatic;
				INFOPLIST_FILE = calendar/Info.plist;
				LD_RUNPATH_SEARCH_PATHS = "$(inherited) @executable_path/Frameworks";
				PRODUCT_BUNDLE_IDENTIFIER = com.nearsoft.calendar;
				PRODUCT_NAME = "$(TARGET_NAME)";
				SWIFT_VERSION = 4.0;
				TARGETED_DEVICE_FAMILY = "1,2";
			};
			name = Release;
		};
		72071905203CA4600004871E /* Debug */ = {
			isa = XCBuildConfiguration;
			buildSettings = {
				ALWAYS_EMBED_SWIFT_STANDARD_LIBRARIES = YES;
				BUNDLE_LOADER = "$(TEST_HOST)";
				CODE_SIGN_STYLE = Automatic;
				INFOPLIST_FILE = calendarTests/Info.plist;
				LD_RUNPATH_SEARCH_PATHS = "$(inherited) @executable_path/Frameworks @loader_path/Frameworks";
				PRODUCT_BUNDLE_IDENTIFIER = com.nearsoft.calendarTests;
				PRODUCT_NAME = "$(TARGET_NAME)";
				SWIFT_VERSION = 4.0;
				TARGETED_DEVICE_FAMILY = "1,2";
				TEST_HOST = "$(BUILT_PRODUCTS_DIR)/calendar.app/calendar";
			};
			name = Debug;
		};
		72071906203CA4600004871E /* Release */ = {
			isa = XCBuildConfiguration;
			buildSettings = {
				ALWAYS_EMBED_SWIFT_STANDARD_LIBRARIES = YES;
				BUNDLE_LOADER = "$(TEST_HOST)";
				CODE_SIGN_STYLE = Automatic;
				INFOPLIST_FILE = calendarTests/Info.plist;
				LD_RUNPATH_SEARCH_PATHS = "$(inherited) @executable_path/Frameworks @loader_path/Frameworks";
				PRODUCT_BUNDLE_IDENTIFIER = com.nearsoft.calendarTests;
				PRODUCT_NAME = "$(TARGET_NAME)";
				SWIFT_VERSION = 4.0;
				TARGETED_DEVICE_FAMILY = "1,2";
				TEST_HOST = "$(BUILT_PRODUCTS_DIR)/calendar.app/calendar";
			};
			name = Release;
		};
		72071908203CA4600004871E /* Debug */ = {
			isa = XCBuildConfiguration;
			buildSettings = {
				ALWAYS_EMBED_SWIFT_STANDARD_LIBRARIES = YES;
				CODE_SIGN_STYLE = Automatic;
				INFOPLIST_FILE = calendarUITests/Info.plist;
				LD_RUNPATH_SEARCH_PATHS = "$(inherited) @executable_path/Frameworks @loader_path/Frameworks";
				PRODUCT_BUNDLE_IDENTIFIER = com.nearsoft.calendarUITests;
				PRODUCT_NAME = "$(TARGET_NAME)";
				SWIFT_VERSION = 4.0;
				TARGETED_DEVICE_FAMILY = "1,2";
				TEST_TARGET_NAME = calendar;
			};
			name = Debug;
		};
		72071909203CA4600004871E /* Release */ = {
			isa = XCBuildConfiguration;
			buildSettings = {
				ALWAYS_EMBED_SWIFT_STANDARD_LIBRARIES = YES;
				CODE_SIGN_STYLE = Automatic;
				INFOPLIST_FILE = calendarUITests/Info.plist;
				LD_RUNPATH_SEARCH_PATHS = "$(inherited) @executable_path/Frameworks @loader_path/Frameworks";
				PRODUCT_BUNDLE_IDENTIFIER = com.nearsoft.calendarUITests;
				PRODUCT_NAME = "$(TARGET_NAME)";
				SWIFT_VERSION = 4.0;
				TARGETED_DEVICE_FAMILY = "1,2";
				TEST_TARGET_NAME = calendar;
			};
			name = Release;
		};
/* End XCBuildConfiguration section */

/* Begin XCConfigurationList section */
		720718D1203CA45F0004871E /* Build configuration list for PBXProject "calendar" */ = {
			isa = XCConfigurationList;
			buildConfigurations = (
				720718FF203CA4600004871E /* Debug */,
				72071900203CA4600004871E /* Release */,
			);
			defaultConfigurationIsVisible = 0;
			defaultConfigurationName = Release;
		};
		72071901203CA4600004871E /* Build configuration list for PBXNativeTarget "calendar" */ = {
			isa = XCConfigurationList;
			buildConfigurations = (
				72071902203CA4600004871E /* Debug */,
				72071903203CA4600004871E /* Release */,
			);
			defaultConfigurationIsVisible = 0;
			defaultConfigurationName = Release;
		};
		72071904203CA4600004871E /* Build configuration list for PBXNativeTarget "calendarTests" */ = {
			isa = XCConfigurationList;
			buildConfigurations = (
				72071905203CA4600004871E /* Debug */,
				72071906203CA4600004871E /* Release */,
			);
			defaultConfigurationIsVisible = 0;
			defaultConfigurationName = Release;
		};
		72071907203CA4600004871E /* Build configuration list for PBXNativeTarget "calendarUITests" */ = {
			isa = XCConfigurationList;
			buildConfigurations = (
				72071908203CA4600004871E /* Debug */,
				72071909203CA4600004871E /* Release */,
			);
			defaultConfigurationIsVisible = 0;
			defaultConfigurationName = Release;
		};
/* End XCConfigurationList section */

/* Begin XCVersionGroup section */
		720718E0203CA45F0004871E /* calendar.xcdatamodeld */ = {
			isa = XCVersionGroup;
			children = (
				720718E1203CA45F0004871E /* calendar.xcdatamodel */,
			);
			currentVersion = 720718E1203CA45F0004871E /* calendar.xcdatamodel */;
			path = calendar.xcdatamodeld;
			sourceTree = "<group>";
			versionGroupType = wrapper.xcdatamodel;
		};
/* End XCVersionGroup section */
	};
	rootObject = 720718CE203CA45F0004871E /* Project object */;
}
